// !$*UTF8*$!
{
	archiveVersion = 1;
	classes = {
	};
	objectVersion = 46;
	objects = {

/* Begin PBXBuildFile section */
		0ADDC5B7418E39BCE7E4631B /* AboutView.swift in Sources */ = {isa = PBXBuildFile; fileRef = 5604F15215E5CA4016870559 /* AboutView.swift */; };
		0B8C5EC3711E357CD1E06201 /* WarrantyCalculatorTests.swift in Sources */ = {isa = PBXBuildFile; fileRef = BD0BA802E5A566C188D876C9 /* WarrantyCalculatorTests.swift */; };
		0DAD39C26D5FF70B99BA4286 /* PlaceholderScreen.swift in Sources */ = {isa = PBXBuildFile; fileRef = 360FF1C22F9DB3DE70423699 /* PlaceholderScreen.swift */; };
		0EA06BE126DA2D9654E4EBE9 /* InfoPlist.strings in Resources */ = {isa = PBXBuildFile; fileRef = 622072820A7EB5DF3653C8E1 /* InfoPlist.strings */; };
		12188EF549347A9B5775E392 /* SettingsView.swift in Sources */ = {isa = PBXBuildFile; fileRef = 0AE6F54C3B0DC7CC0B03E9E3 /* SettingsView.swift */; };
		1320778952AE598A8F581379 /* AuthenticationService.swift in Sources */ = {isa = PBXBuildFile; fileRef = 8205961934A54BFAD9A86FAB /* AuthenticationService.swift */; };
		16BBC30D3E8C7478A50ACE1F /* LockedView.swift in Sources */ = {isa = PBXBuildFile; fileRef = B10026688BCBFFB84D1E37DF /* LockedView.swift */; };
		21E45F0AE0DDB1E0A06FD737 /* DeadlinesView.swift in Sources */ = {isa = PBXBuildFile; fileRef = 3EDA2CA2A714BD4C9C1E99EC /* DeadlinesView.swift */; };
		26B9A191616FF6226BE7D153 /* InfoPlist.strings in Resources */ = {isa = PBXBuildFile; fileRef = BF5EF7530D17CFDB3B3F86CA /* InfoPlist.strings */; };
		26EF1E57D0420A3FF810606A /* PurchaseModels.swift in Sources */ = {isa = PBXBuildFile; fileRef = CC6F8F036886223EB9A83E24 /* PurchaseModels.swift */; };
		29357B54E7CD8F2C8771B5F9 /* DeadlineCard.swift in Sources */ = {isa = PBXBuildFile; fileRef = 187FE0CEF170C385586CD492 /* DeadlineCard.swift */; };
		2CE8EB20D6B883E2614E2369 /* DocumentScannerView.swift in Sources */ = {isa = PBXBuildFile; fileRef = EE8902F25EC9791248C52420 /* DocumentScannerView.swift */; };
		313319658EF4E4C231DF4E9E /* CurrencyService.swift in Sources */ = {isa = PBXBuildFile; fileRef = B29AAEE4A7C21A8D5805C04F /* CurrencyService.swift */; };
		34233A7AEF097189856A5EBF /* PurchaseDetailView.swift in Sources */ = {isa = PBXBuildFile; fileRef = 89AA2939170B0C424F03432F /* PurchaseDetailView.swift */; };
		403C4BFC14681A6789A35D8C /* PurchaseRow.swift in Sources */ = {isa = PBXBuildFile; fileRef = 91F56BF78917DC2ECEC1C7FA /* PurchaseRow.swift */; };
		4042C33F368FA53B81BB1B5A /* DateFormatService.swift in Sources */ = {isa = PBXBuildFile; fileRef = E97018B4E56A92E833A53906 /* DateFormatService.swift */; };
		433776226C25A332802E05F6 /* ScannerHubView.swift in Sources */ = {isa = PBXBuildFile; fileRef = F2DFD5FA6C28FEECB7ED7302 /* ScannerHubView.swift */; };
		4369751215A3A813BD759133 /* AppStorageKeys.swift in Sources */ = {isa = PBXBuildFile; fileRef = 8CF9AEF0F18B3DF5DCF69F28 /* AppStorageKeys.swift */; };
		442DA697FD89D1A73BA60A39 /* CurrencyServiceTests.swift in Sources */ = {isa = PBXBuildFile; fileRef = 7C1B440958A8E014B5ACF353 /* CurrencyServiceTests.swift */; };
		46A3DCF7472A8BAE85E7F6EC /* PrivacyInfo.xcprivacy in Resources */ = {isa = PBXBuildFile; fileRef = FA26AA0D37A34F4FD49116CA /* PrivacyInfo.xcprivacy */; };
		514E0F17993D30D351E5BF12 /* WarrantyCalculator.swift in Sources */ = {isa = PBXBuildFile; fileRef = 98B218D653476F1AF471A778 /* WarrantyCalculator.swift */; };
		57F060F6DEE8D2B935CD4996 /* NotificationScheduler.swift in Sources */ = {isa = PBXBuildFile; fileRef = 1F232BD301645AC9EB015DE0 /* NotificationScheduler.swift */; };
		5B1D36732AE62A1CFCBC588D /* ReceiptWarrantyVaultApp.swift in Sources */ = {isa = PBXBuildFile; fileRef = 0AE3D1A2BC2AD58FA47F5E24 /* ReceiptWarrantyVaultApp.swift */; };
		5FE7EE77042EB6FADBED6609 /* PDFExportService.swift in Sources */ = {isa = PBXBuildFile; fileRef = 8AC3EBC9B3F088D37017B218 /* PDFExportService.swift */; };
		61B4147E8DEA86BE0B098E62 /* BackupExportService.swift in Sources */ = {isa = PBXBuildFile; fileRef = 134AE0F1D20D275F9871FB33 /* BackupExportService.swift */; };
		793FCA42AB84C61C5F94B02C /* AppModelContainer.swift in Sources */ = {isa = PBXBuildFile; fileRef = 20896AA94B7D7E615A00BD72 /* AppModelContainer.swift */; };
		794C75063ECC044BCC68A256 /* Foundation.framework in Frameworks */ = {isa = PBXBuildFile; fileRef = 5ED9BF39015FBB83809EDAB0 /* Foundation.framework */; };
		83AF38CE5663D100B73FAB69 /* LegalDisclaimerView.swift in Sources */ = {isa = PBXBuildFile; fileRef = C341725498DDC1317430BB34 /* LegalDisclaimerView.swift */; };
		842380E8ABE71BE52B9363D0 /* ArchiveView.swift in Sources */ = {isa = PBXBuildFile; fileRef = C88157C4E3618B542C14C7D9 /* ArchiveView.swift */; };
		9682337DD222A3A5CD0740B8 /* ZipArchiveWriter.swift in Sources */ = {isa = PBXBuildFile; fileRef = B1C78BCD20FB836D504F9BFE /* ZipArchiveWriter.swift */; };
		9986023F49C3576F904266C2 /* PurchaseCategory.swift in Sources */ = {isa = PBXBuildFile; fileRef = 6B820084FF83871D26046040 /* PurchaseCategory.swift */; };
		AA623A8A1692E9B1DCDEE0F6 /* ScanView.swift in Sources */ = {isa = PBXBuildFile; fileRef = 81DC93B7084BBE394C44F0FB /* ScanView.swift */; };
		B531DB5FFFA825AFD6AEA985 /* Foundation.framework in Frameworks */ = {isa = PBXBuildFile; fileRef = 5ED9BF39015FBB83809EDAB0 /* Foundation.framework */; };
		BCDEC12604959C53CB431A09 /* DocumentStorageService.swift in Sources */ = {isa = PBXBuildFile; fileRef = 5BCACEACE60C89616FB86C9D /* DocumentStorageService.swift */; };
		C16CE630064A6DD212423DD1 /* AppRootView.swift in Sources */ = {isa = PBXBuildFile; fileRef = D9ABF9BD2599CCBFE6408C69 /* AppRootView.swift */; };
		C97CABC840F2758B7EBBEAF6 /* Assets.xcassets in Resources */ = {isa = PBXBuildFile; fileRef = 0DECDDDC16F8FB83AEB23161 /* Assets.xcassets */; };
		CF7D3D0A4B8EF36F49E1D1AD /* PurchaseFormView.swift in Sources */ = {isa = PBXBuildFile; fileRef = A4E493D40D00FA3936CF4892 /* PurchaseFormView.swift */; };
		D98DB0AE8DE829A514D6D225 /* PurchaseSorting.swift in Sources */ = {isa = PBXBuildFile; fileRef = 61AADFA500300E6FA160412E /* PurchaseSorting.swift */; };
		E807C5DC9C0FC52F7516F2F0 /* PrivacyView.swift in Sources */ = {isa = PBXBuildFile; fileRef = 48FA50BA52AE262B2A26701C /* PrivacyView.swift */; };
		ED2C8D521307FA445502BA20 /* ZipArchiveWriterTests.swift in Sources */ = {isa = PBXBuildFile; fileRef = 677A9AE6EFA50D3FB65398FA /* ZipArchiveWriterTests.swift */; };
		EE09EBF4F2BEE79421CF033D /* OnboardingView.swift in Sources */ = {isa = PBXBuildFile; fileRef = 3CE6E60CBDCF3015AE9EF9C9 /* OnboardingView.swift */; };
		EF8B79DB3C7C40DD4FFD87E4 /* Localizable.xcstrings in Resources */ = {isa = PBXBuildFile; fileRef = A2E68A7B74204B9477001402 /* Localizable.xcstrings */; };
		F32B83ED61D3BF90C752D5BF /* AppTab.swift in Sources */ = {isa = PBXBuildFile; fileRef = B84BE75F629D701C3470215B /* AppTab.swift */; };
		F9EF100053B219E20841B9B9 /* StatusBadge.swift in Sources */ = {isa = PBXBuildFile; fileRef = 20B6D2D50BD3880403F73505 /* StatusBadge.swift */; };
/* End PBXBuildFile section */

/* Begin PBXContainerItemProxy section */
		377571DF63B26D70EC95AE57 /* PBXContainerItemProxy */ = {
			isa = PBXContainerItemProxy;
			containerPortal = E2F3B626C2D244ECCABEE434 /* Project object */;
			proxyType = 1;
			remoteGlobalIDString = 77AE545065F6D29DA17D36B3;
			remoteInfo = ReceiptWarrantyVault;
		};
/* End PBXContainerItemProxy section */

/* Begin PBXFileReference section */
		0AE3D1A2BC2AD58FA47F5E24 /* ReceiptWarrantyVaultApp.swift */ = {isa = PBXFileReference; includeInIndex = 1; lastKnownFileType = sourcecode.swift; name = ReceiptWarrantyVaultApp.swift; path = App/ReceiptWarrantyVaultApp.swift; sourceTree = "<group>"; };
		0AE6F54C3B0DC7CC0B03E9E3 /* SettingsView.swift */ = {isa = PBXFileReference; includeInIndex = 1; lastKnownFileType = sourcecode.swift; name = SettingsView.swift; path = Views/Settings/SettingsView.swift; sourceTree = "<group>"; };
		0DECDDDC16F8FB83AEB23161 /* Assets.xcassets */ = {isa = PBXFileReference; includeInIndex = 1; lastKnownFileType = folder.assetcatalog; name = Assets.xcassets; path = Resources/Assets.xcassets; sourceTree = "<group>"; };
		134AE0F1D20D275F9871FB33 /* BackupExportService.swift */ = {isa = PBXFileReference; includeInIndex = 1; lastKnownFileType = sourcecode.swift; name = BackupExportService.swift; path = Services/BackupExportService.swift; sourceTree = "<group>"; };
		171B72C181D089265957BAD8 /* ReceiptWarrantyVaultTests.xctest */ = {isa = PBXFileReference; explicitFileType = wrapper.cfbundle; includeInIndex = 0; path = ReceiptWarrantyVaultTests.xctest; sourceTree = BUILT_PRODUCTS_DIR; };
		187FE0CEF170C385586CD492 /* DeadlineCard.swift */ = {isa = PBXFileReference; includeInIndex = 1; lastKnownFileType = sourcecode.swift; name = DeadlineCard.swift; path = Views/Components/DeadlineCard.swift; sourceTree = "<group>"; };
		1F232BD301645AC9EB015DE0 /* NotificationScheduler.swift */ = {isa = PBXFileReference; includeInIndex = 1; lastKnownFileType = sourcecode.swift; name = NotificationScheduler.swift; path = Services/NotificationScheduler.swift; sourceTree = "<group>"; };
		20896AA94B7D7E615A00BD72 /* AppModelContainer.swift */ = {isa = PBXFileReference; includeInIndex = 1; lastKnownFileType = sourcecode.swift; name = AppModelContainer.swift; path = Models/AppModelContainer.swift; sourceTree = "<group>"; };
		20B6D2D50BD3880403F73505 /* StatusBadge.swift */ = {isa = PBXFileReference; includeInIndex = 1; lastKnownFileType = sourcecode.swift; name = StatusBadge.swift; path = Views/Components/StatusBadge.swift; sourceTree = "<group>"; };
		360FF1C22F9DB3DE70423699 /* PlaceholderScreen.swift */ = {isa = PBXFileReference; includeInIndex = 1; lastKnownFileType = sourcecode.swift; name = PlaceholderScreen.swift; path = Views/Components/PlaceholderScreen.swift; sourceTree = "<group>"; };
		3CE6E60CBDCF3015AE9EF9C9 /* OnboardingView.swift */ = {isa = PBXFileReference; includeInIndex = 1; lastKnownFileType = sourcecode.swift; name = OnboardingView.swift; path = Views/Onboarding/OnboardingView.swift; sourceTree = "<group>"; };
		3EDA2CA2A714BD4C9C1E99EC /* DeadlinesView.swift */ = {isa = PBXFileReference; includeInIndex = 1; lastKnownFileType = sourcecode.swift; name = DeadlinesView.swift; path = Views/Dashboard/DeadlinesView.swift; sourceTree = "<group>"; };
		48FA50BA52AE262B2A26701C /* PrivacyView.swift */ = {isa = PBXFileReference; includeInIndex = 1; lastKnownFileType = sourcecode.swift; name = PrivacyView.swift; path = Views/Settings/PrivacyView.swift; sourceTree = "<group>"; };
		5604F15215E5CA4016870559 /* AboutView.swift */ = {isa = PBXFileReference; includeInIndex = 1; lastKnownFileType = sourcecode.swift; name = AboutView.swift; path = Views/Settings/AboutView.swift; sourceTree = "<group>"; };
		5BCACEACE60C89616FB86C9D /* DocumentStorageService.swift */ = {isa = PBXFileReference; includeInIndex = 1; lastKnownFileType = sourcecode.swift; name = DocumentStorageService.swift; path = Services/DocumentStorageService.swift; sourceTree = "<group>"; };
		5ED9BF39015FBB83809EDAB0 /* Foundation.framework */ = {isa = PBXFileReference; lastKnownFileType = wrapper.framework; name = Foundation.framework; path = Platforms/iPhoneOS.platform/Developer/SDKs/iPhoneOS18.0.sdk/System/Library/Frameworks/Foundation.framework; sourceTree = DEVELOPER_DIR; };
		61AADFA500300E6FA160412E /* PurchaseSorting.swift */ = {isa = PBXFileReference; includeInIndex = 1; lastKnownFileType = sourcecode.swift; name = PurchaseSorting.swift; path = Models/PurchaseSorting.swift; sourceTree = "<group>"; };
		622072820A7EB5DF3653C8E1 /* InfoPlist.strings */ = {isa = PBXFileReference; includeInIndex = 1; lastKnownFileType = text.plist.strings; name = InfoPlist.strings; path = Resources/it.lproj/InfoPlist.strings; sourceTree = "<group>"; };
		677A9AE6EFA50D3FB65398FA /* ZipArchiveWriterTests.swift */ = {isa = PBXFileReference; includeInIndex = 1; lastKnownFileType = sourcecode.swift; path = ZipArchiveWriterTests.swift; sourceTree = "<group>"; };
		6B820084FF83871D26046040 /* PurchaseCategory.swift */ = {isa = PBXFileReference; includeInIndex = 1; lastKnownFileType = sourcecode.swift; name = PurchaseCategory.swift; path = Models/PurchaseCategory.swift; sourceTree = "<group>"; };
		7C1B440958A8E014B5ACF353 /* CurrencyServiceTests.swift */ = {isa = PBXFileReference; includeInIndex = 1; lastKnownFileType = sourcecode.swift; path = CurrencyServiceTests.swift; sourceTree = "<group>"; };
		81DC93B7084BBE394C44F0FB /* ScanView.swift */ = {isa = PBXFileReference; includeInIndex = 1; lastKnownFileType = sourcecode.swift; name = ScanView.swift; path = Views/Scanner/ScanView.swift; sourceTree = "<group>"; };
		8205961934A54BFAD9A86FAB /* AuthenticationService.swift */ = {isa = PBXFileReference; includeInIndex = 1; lastKnownFileType = sourcecode.swift; name = AuthenticationService.swift; path = Services/AuthenticationService.swift; sourceTree = "<group>"; };
		89AA2939170B0C424F03432F /* PurchaseDetailView.swift */ = {isa = PBXFileReference; includeInIndex = 1; lastKnownFileType = sourcecode.swift; name = PurchaseDetailView.swift; path = Views/PurchaseDetail/PurchaseDetailView.swift; sourceTree = "<group>"; };
		8AC3EBC9B3F088D37017B218 /* PDFExportService.swift */ = {isa = PBXFileReference; includeInIndex = 1; lastKnownFileType = sourcecode.swift; name = PDFExportService.swift; path = Services/PDFExportService.swift; sourceTree = "<group>"; };
		8CF9AEF0F18B3DF5DCF69F28 /* AppStorageKeys.swift */ = {isa = PBXFileReference; includeInIndex = 1; lastKnownFileType = sourcecode.swift; name = AppStorageKeys.swift; path = Services/AppStorageKeys.swift; sourceTree = "<group>"; };
		91F56BF78917DC2ECEC1C7FA /* PurchaseRow.swift */ = {isa = PBXFileReference; includeInIndex = 1; lastKnownFileType = sourcecode.swift; name = PurchaseRow.swift; path = Views/Components/PurchaseRow.swift; sourceTree = "<group>"; };
		98B218D653476F1AF471A778 /* WarrantyCalculator.swift */ = {isa = PBXFileReference; includeInIndex = 1; lastKnownFileType = sourcecode.swift; name = WarrantyCalculator.swift; path = Services/WarrantyCalculator.swift; sourceTree = "<group>"; };
		A2E68A7B74204B9477001402 /* Localizable.xcstrings */ = {isa = PBXFileReference; includeInIndex = 1; name = Localizable.xcstrings; path = Resources/Localizable.xcstrings; sourceTree = "<group>"; };
		A4E493D40D00FA3936CF4892 /* PurchaseFormView.swift */ = {isa = PBXFileReference; includeInIndex = 1; lastKnownFileType = sourcecode.swift; name = PurchaseFormView.swift; path = Views/PurchaseForm/PurchaseFormView.swift; sourceTree = "<group>"; };
		B10026688BCBFFB84D1E37DF /* LockedView.swift */ = {isa = PBXFileReference; includeInIndex = 1; lastKnownFileType = sourcecode.swift; name = LockedView.swift; path = Views/Components/LockedView.swift; sourceTree = "<group>"; };
		B1C78BCD20FB836D504F9BFE /* ZipArchiveWriter.swift */ = {isa = PBXFileReference; includeInIndex = 1; lastKnownFileType = sourcecode.swift; name = ZipArchiveWriter.swift; path = Services/ZipArchiveWriter.swift; sourceTree = "<group>"; };
		B29AAEE4A7C21A8D5805C04F /* CurrencyService.swift */ = {isa = PBXFileReference; includeInIndex = 1; lastKnownFileType = sourcecode.swift; name = CurrencyService.swift; path = Services/CurrencyService.swift; sourceTree = "<group>"; };
		B84BE75F629D701C3470215B /* AppTab.swift */ = {isa = PBXFileReference; includeInIndex = 1; lastKnownFileType = sourcecode.swift; name = AppTab.swift; path = App/AppTab.swift; sourceTree = "<group>"; };
		BD0BA802E5A566C188D876C9 /* WarrantyCalculatorTests.swift */ = {isa = PBXFileReference; includeInIndex = 1; lastKnownFileType = sourcecode.swift; path = WarrantyCalculatorTests.swift; sourceTree = "<group>"; };
		BF5EF7530D17CFDB3B3F86CA /* InfoPlist.strings */ = {isa = PBXFileReference; includeInIndex = 1; lastKnownFileType = text.plist.strings; name = InfoPlist.strings; path = Resources/en.lproj/InfoPlist.strings; sourceTree = "<group>"; };
		C341725498DDC1317430BB34 /* LegalDisclaimerView.swift */ = {isa = PBXFileReference; includeInIndex = 1; lastKnownFileType = sourcecode.swift; name = LegalDisclaimerView.swift; path = Views/Settings/LegalDisclaimerView.swift; sourceTree = "<group>"; };
		C88157C4E3618B542C14C7D9 /* ArchiveView.swift */ = {isa = PBXFileReference; includeInIndex = 1; lastKnownFileType = sourcecode.swift; name = ArchiveView.swift; path = Views/Archive/ArchiveView.swift; sourceTree = "<group>"; };
		CC6F8F036886223EB9A83E24 /* PurchaseModels.swift */ = {isa = PBXFileReference; includeInIndex = 1; lastKnownFileType = sourcecode.swift; name = PurchaseModels.swift; path = Models/PurchaseModels.swift; sourceTree = "<group>"; };
		D2DEE098D4A7B5EF46720A7D /* ReceiptWarrantyVault.app */ = {isa = PBXFileReference; explicitFileType = wrapper.application; includeInIndex = 0; path = ReceiptWarrantyVault.app; sourceTree = BUILT_PRODUCTS_DIR; };
		D9ABF9BD2599CCBFE6408C69 /* AppRootView.swift */ = {isa = PBXFileReference; includeInIndex = 1; lastKnownFileType = sourcecode.swift; name = AppRootView.swift; path = App/AppRootView.swift; sourceTree = "<group>"; };
		E97018B4E56A92E833A53906 /* DateFormatService.swift */ = {isa = PBXFileReference; includeInIndex = 1; lastKnownFileType = sourcecode.swift; name = DateFormatService.swift; path = Services/DateFormatService.swift; sourceTree = "<group>"; };
		EE8902F25EC9791248C52420 /* DocumentScannerView.swift */ = {isa = PBXFileReference; includeInIndex = 1; lastKnownFileType = sourcecode.swift; name = DocumentScannerView.swift; path = Views/Scanner/DocumentScannerView.swift; sourceTree = "<group>"; };
		F2DFD5FA6C28FEECB7ED7302 /* ScannerHubView.swift */ = {isa = PBXFileReference; includeInIndex = 1; lastKnownFileType = sourcecode.swift; name = ScannerHubView.swift; path = Views/Scanner/ScannerHubView.swift; sourceTree = "<group>"; };
		FA26AA0D37A34F4FD49116CA /* PrivacyInfo.xcprivacy */ = {isa = PBXFileReference; includeInIndex = 1; name = PrivacyInfo.xcprivacy; path = Resources/PrivacyInfo.xcprivacy; sourceTree = "<group>"; };
/* End PBXFileReference section */

/* Begin PBXFrameworksBuildPhase section */
		1A954150A12475AE63F9CD0B /* Frameworks */ = {
			isa = PBXFrameworksBuildPhase;
			buildActionMask = 2147483647;
			files = (
				794C75063ECC044BCC68A256 /* Foundation.framework in Frameworks */,
			);
			runOnlyForDeploymentPostprocessing = 0;
		};
		759DD08CF549371932755135 /* Frameworks */ = {
			isa = PBXFrameworksBuildPhase;
			buildActionMask = 2147483647;
			files = (
				B531DB5FFFA825AFD6AEA985 /* Foundation.framework in Frameworks */,
			);
			runOnlyForDeploymentPostprocessing = 0;
		};
/* End PBXFrameworksBuildPhase section */

/* Begin PBXGroup section */
		0B75EA78C997717103C5A1E8 /* iOS */ = {
			isa = PBXGroup;
			children = (
				5ED9BF39015FBB83809EDAB0 /* Foundation.framework */,
			);
			name = iOS;
			sourceTree = "<group>";
		};
		13A46FF4A692219E2EAACC1A /* ReceiptWarrantyVault */ = {
			isa = PBXGroup;
			children = (
				D9ABF9BD2599CCBFE6408C69 /* AppRootView.swift */,
				B84BE75F629D701C3470215B /* AppTab.swift */,
				0AE3D1A2BC2AD58FA47F5E24 /* ReceiptWarrantyVaultApp.swift */,
				20896AA94B7D7E615A00BD72 /* AppModelContainer.swift */,
				6B820084FF83871D26046040 /* PurchaseCategory.swift */,
				CC6F8F036886223EB9A83E24 /* PurchaseModels.swift */,
				61AADFA500300E6FA160412E /* PurchaseSorting.swift */,
				8CF9AEF0F18B3DF5DCF69F28 /* AppStorageKeys.swift */,
				8205961934A54BFAD9A86FAB /* AuthenticationService.swift */,
				134AE0F1D20D275F9871FB33 /* BackupExportService.swift */,
				B29AAEE4A7C21A8D5805C04F /* CurrencyService.swift */,
				E97018B4E56A92E833A53906 /* DateFormatService.swift */,
				5BCACEACE60C89616FB86C9D /* DocumentStorageService.swift */,
				1F232BD301645AC9EB015DE0 /* NotificationScheduler.swift */,
				8AC3EBC9B3F088D37017B218 /* PDFExportService.swift */,
				98B218D653476F1AF471A778 /* WarrantyCalculator.swift */,
				B1C78BCD20FB836D504F9BFE /* ZipArchiveWriter.swift */,
				C88157C4E3618B542C14C7D9 /* ArchiveView.swift */,
				187FE0CEF170C385586CD492 /* DeadlineCard.swift */,
				B10026688BCBFFB84D1E37DF /* LockedView.swift */,
				360FF1C22F9DB3DE70423699 /* PlaceholderScreen.swift */,
				91F56BF78917DC2ECEC1C7FA /* PurchaseRow.swift */,
				20B6D2D50BD3880403F73505 /* StatusBadge.swift */,
				3EDA2CA2A714BD4C9C1E99EC /* DeadlinesView.swift */,
				3CE6E60CBDCF3015AE9EF9C9 /* OnboardingView.swift */,
				89AA2939170B0C424F03432F /* PurchaseDetailView.swift */,
				A4E493D40D00FA3936CF4892 /* PurchaseFormView.swift */,
				EE8902F25EC9791248C52420 /* DocumentScannerView.swift */,
				81DC93B7084BBE394C44F0FB /* ScanView.swift */,
				F2DFD5FA6C28FEECB7ED7302 /* ScannerHubView.swift */,
				5604F15215E5CA4016870559 /* AboutView.swift */,
				C341725498DDC1317430BB34 /* LegalDisclaimerView.swift */,
				48FA50BA52AE262B2A26701C /* PrivacyView.swift */,
				0AE6F54C3B0DC7CC0B03E9E3 /* SettingsView.swift */,
				0DECDDDC16F8FB83AEB23161 /* Assets.xcassets */,
				A2E68A7B74204B9477001402 /* Localizable.xcstrings */,
				FA26AA0D37A34F4FD49116CA /* PrivacyInfo.xcprivacy */,
				BF5EF7530D17CFDB3B3F86CA /* InfoPlist.strings */,
				622072820A7EB5DF3653C8E1 /* InfoPlist.strings */,
			);
			name = ReceiptWarrantyVault;
			path = ReceiptWarrantyVault;
			sourceTree = "<group>";
		};
		1E93C9C4E760FDEB7E3FDBDD = {
			isa = PBXGroup;
			children = (
				E432B7D05CA3EFAC39183E77 /* Products */,
				5E596FC3CAD0BB231F36EBC9 /* Frameworks */,
				13A46FF4A692219E2EAACC1A /* ReceiptWarrantyVault */,
				36BA419F048D48E821EB4E25 /* ReceiptWarrantyVaultTests */,
			);
			sourceTree = "<group>";
		};
		36BA419F048D48E821EB4E25 /* ReceiptWarrantyVaultTests */ = {
			isa = PBXGroup;
			children = (
				7C1B440958A8E014B5ACF353 /* CurrencyServiceTests.swift */,
				BD0BA802E5A566C188D876C9 /* WarrantyCalculatorTests.swift */,
				677A9AE6EFA50D3FB65398FA /* ZipArchiveWriterTests.swift */,
			);
			name = ReceiptWarrantyVaultTests;
			path = ReceiptWarrantyVaultTests;
			sourceTree = "<group>";
		};
		5E596FC3CAD0BB231F36EBC9 /* Frameworks */ = {
			isa = PBXGroup;
			children = (
				0B75EA78C997717103C5A1E8 /* iOS */,
			);
			name = Frameworks;
			sourceTree = "<group>";
		};
		E432B7D05CA3EFAC39183E77 /* Products */ = {
			isa = PBXGroup;
			children = (
				D2DEE098D4A7B5EF46720A7D /* ReceiptWarrantyVault.app */,
				171B72C181D089265957BAD8 /* ReceiptWarrantyVaultTests.xctest */,
			);
			name = Products;
			sourceTree = "<group>";
		};
/* End PBXGroup section */

/* Begin PBXNativeTarget section */
		77AE545065F6D29DA17D36B3 /* ReceiptWarrantyVault */ = {
			isa = PBXNativeTarget;
			buildConfigurationList = 91A73F0C5784C12F552DFDAD /* Build configuration list for PBXNativeTarget "ReceiptWarrantyVault" */;
			buildPhases = (
				9301B1CEE900CAB8CC40DD1A /* Sources */,
				1A954150A12475AE63F9CD0B /* Frameworks */,
				303C35800C2CE3A76EC71460 /* Resources */,
			);
			buildRules = (
			);
			dependencies = (
			);
			name = ReceiptWarrantyVault;
			productName = ReceiptWarrantyVault;
			productReference = D2DEE098D4A7B5EF46720A7D /* ReceiptWarrantyVault.app */;
			productType = "com.apple.product-type.application";
		};
		8F77266997DF72C8D609DEB7 /* ReceiptWarrantyVaultTests */ = {
			isa = PBXNativeTarget;
			buildConfigurationList = ADFE4CDFDBC0162FCD88B07E /* Build configuration list for PBXNativeTarget "ReceiptWarrantyVaultTests" */;
			buildPhases = (
				1F0C6C96F25E3FC2DFFEC261 /* Sources */,
				759DD08CF549371932755135 /* Frameworks */,
				2B293495988E82A6015A3B98 /* Resources */,
			);
			buildRules = (
			);
			dependencies = (
				320DE02D28E79E23367676E5 /* PBXTargetDependency */,
			);
			name = ReceiptWarrantyVaultTests;
			productName = ReceiptWarrantyVaultTests;
			productReference = 171B72C181D089265957BAD8 /* ReceiptWarrantyVaultTests.xctest */;
			productType = "com.apple.product-type.bundle.unit-test";
		};
/* End PBXNativeTarget section */

/* Begin PBXProject section */
		E2F3B626C2D244ECCABEE434 /* Project object */ = {
			isa = PBXProject;
			attributes = {
				BuildIndependentTargetsInParallel = YES;
				LastSwiftUpdateCheck = 1600;
				LastUpgradeCheck = 2650;
			};
			buildConfigurationList = 601B4B29C6575961D1B53C8E /* Build configuration list for PBXProject "ReceiptWarrantyVault" */;
			compatibilityVersion = "Xcode 3.2";
			developmentRegion = en;
			hasScannedForEncodings = 0;
			knownRegions = (
				en,
				it,
				Base,
			);
			mainGroup = 1E93C9C4E760FDEB7E3FDBDD;
			minimizedProjectReferenceProxies = 0;
			preferredProjectObjectVersion = 77;
			productRefGroup = E432B7D05CA3EFAC39183E77 /* Products */;
			projectDirPath = "";
			projectRoot = "";
			targets = (
				77AE545065F6D29DA17D36B3 /* ReceiptWarrantyVault */,
				8F77266997DF72C8D609DEB7 /* ReceiptWarrantyVaultTests */,
			);
		};
/* End PBXProject section */

/* Begin PBXResourcesBuildPhase section */
		2B293495988E82A6015A3B98 /* Resources */ = {
			isa = PBXResourcesBuildPhase;
			buildActionMask = 2147483647;
			files = (
			);
			runOnlyForDeploymentPostprocessing = 0;
		};
		303C35800C2CE3A76EC71460 /* Resources */ = {
			isa = PBXResourcesBuildPhase;
			buildActionMask = 2147483647;
			files = (
				C97CABC840F2758B7EBBEAF6 /* Assets.xcassets in Resources */,
				EF8B79DB3C7C40DD4FFD87E4 /* Localizable.xcstrings in Resources */,
				46A3DCF7472A8BAE85E7F6EC /* PrivacyInfo.xcprivacy in Resources */,
				26B9A191616FF6226BE7D153 /* InfoPlist.strings in Resources */,
				0EA06BE126DA2D9654E4EBE9 /* InfoPlist.strings in Resources */,
			);
			runOnlyForDeploymentPostprocessing = 0;
		};
/* End PBXResourcesBuildPhase section */

/* Begin PBXSourcesBuildPhase section */
		1F0C6C96F25E3FC2DFFEC261 /* Sources */ = {
			isa = PBXSourcesBuildPhase;
			buildActionMask = 2147483647;
			files = (
				442DA697FD89D1A73BA60A39 /* CurrencyServiceTests.swift in Sources */,
				0B8C5EC3711E357CD1E06201 /* WarrantyCalculatorTests.swift in Sources */,
				ED2C8D521307FA445502BA20 /* ZipArchiveWriterTests.swift in Sources */,
			);
			runOnlyForDeploymentPostprocessing = 0;
		};
		9301B1CEE900CAB8CC40DD1A /* Sources */ = {
			isa = PBXSourcesBuildPhase;
			buildActionMask = 2147483647;
			files = (
				C16CE630064A6DD212423DD1 /* AppRootView.swift in Sources */,
				F32B83ED61D3BF90C752D5BF /* AppTab.swift in Sources */,
				5B1D36732AE62A1CFCBC588D /* ReceiptWarrantyVaultApp.swift in Sources */,
				793FCA42AB84C61C5F94B02C /* AppModelContainer.swift in Sources */,
				9986023F49C3576F904266C2 /* PurchaseCategory.swift in Sources */,
				26EF1E57D0420A3FF810606A /* PurchaseModels.swift in Sources */,
				D98DB0AE8DE829A514D6D225 /* PurchaseSorting.swift in Sources */,
				4369751215A3A813BD759133 /* AppStorageKeys.swift in Sources */,
				1320778952AE598A8F581379 /* AuthenticationService.swift in Sources */,
				61B4147E8DEA86BE0B098E62 /* BackupExportService.swift in Sources */,
				313319658EF4E4C231DF4E9E /* CurrencyService.swift in Sources */,
				4042C33F368FA53B81BB1B5A /* DateFormatService.swift in Sources */,
				BCDEC12604959C53CB431A09 /* DocumentStorageService.swift in Sources */,
				57F060F6DEE8D2B935CD4996 /* NotificationScheduler.swift in Sources */,
				5FE7EE77042EB6FADBED6609 /* PDFExportService.swift in Sources */,
				514E0F17993D30D351E5BF12 /* WarrantyCalculator.swift in Sources */,
				9682337DD222A3A5CD0740B8 /* ZipArchiveWriter.swift in Sources */,
				842380E8ABE71BE52B9363D0 /* ArchiveView.swift in Sources */,
				29357B54E7CD8F2C8771B5F9 /* DeadlineCard.swift in Sources */,
				16BBC30D3E8C7478A50ACE1F /* LockedView.swift in Sources */,
				0DAD39C26D5FF70B99BA4286 /* PlaceholderScreen.swift in Sources */,
				403C4BFC14681A6789A35D8C /* PurchaseRow.swift in Sources */,
				F9EF100053B219E20841B9B9 /* StatusBadge.swift in Sources */,
				21E45F0AE0DDB1E0A06FD737 /* DeadlinesView.swift in Sources */,
				EE09EBF4F2BEE79421CF033D /* OnboardingView.swift in Sources */,
				34233A7AEF097189856A5EBF /* PurchaseDetailView.swift in Sources */,
				CF7D3D0A4B8EF36F49E1D1AD /* PurchaseFormView.swift in Sources */,
				2CE8EB20D6B883E2614E2369 /* DocumentScannerView.swift in Sources */,
				AA623A8A1692E9B1DCDEE0F6 /* ScanView.swift in Sources */,
				433776226C25A332802E05F6 /* ScannerHubView.swift in Sources */,
				0ADDC5B7418E39BCE7E4631B /* AboutView.swift in Sources */,
				83AF38CE5663D100B73FAB69 /* LegalDisclaimerView.swift in Sources */,
				E807C5DC9C0FC52F7516F2F0 /* PrivacyView.swift in Sources */,
				12188EF549347A9B5775E392 /* SettingsView.swift in Sources */,
			);
			runOnlyForDeploymentPostprocessing = 0;
		};
/* End PBXSourcesBuildPhase section */

/* Begin PBXTargetDependency section */
		320DE02D28E79E23367676E5 /* PBXTargetDependency */ = {
			isa = PBXTargetDependency;
			name = ReceiptWarrantyVault;
			target = 77AE545065F6D29DA17D36B3 /* ReceiptWarrantyVault */;
			targetProxy = 377571DF63B26D70EC95AE57 /* PBXContainerItemProxy */;
		};
/* End PBXTargetDependency section */

/* Begin XCBuildConfiguration section */
		0B687E7DE52A66F8FF107E4B /* Debug */ = {
			isa = XCBuildConfiguration;
			buildSettings = {
				BUNDLE_LOADER = "$(TEST_HOST)";
				CLANG_ENABLE_OBJC_WEAK = NO;
				CODE_SIGN_STYLE = Automatic;
				GENERATE_INFOPLIST_FILE = YES;
				IPHONEOS_DEPLOYMENT_TARGET = 17.0;
				LD_RUNPATH_SEARCH_PATHS = "$(inherited) @executable_path/Frameworks @loader_path/Frameworks";
				PRODUCT_BUNDLE_IDENTIFIER = com.simo.receiptwarrantyvault.tests;
				PRODUCT_NAME = "$(TARGET_NAME)";
				SDKROOT = iphoneos;
				SWIFT_VERSION = 5.0;
				TARGETED_DEVICE_FAMILY = 1;
				TEST_HOST = "$(BUILT_PRODUCTS_DIR)/ReceiptWarrantyVault.app/$(BUNDLE_EXECUTABLE_FOLDER_PATH)/ReceiptWarrantyVault";
			};
			name = Debug;
		};
		3DBEBCE770F44DB4F1FA81C3 /* Release */ = {
			isa = XCBuildConfiguration;
			buildSettings = {
				ASSETCATALOG_COMPILER_APPICON_NAME = AppIcon;
				ASSETCATALOG_COMPILER_GLOBAL_ACCENT_COLOR_NAME = AccentColor;
				CLANG_ENABLE_OBJC_WEAK = NO;
				CODE_SIGN_STYLE = Automatic;
				CURRENT_PROJECT_VERSION = 1;
				GENERATE_INFOPLIST_FILE = NO;
				INFOPLIST_FILE = ReceiptWarrantyVault/Resources/Info.plist;
				IPHONEOS_DEPLOYMENT_TARGET = 17.0;
				LD_RUNPATH_SEARCH_PATHS = "$(inherited) @executable_path/Frameworks";
				LOCALIZATION_PREFERS_STRING_CATALOGS = YES;
				MARKETING_VERSION = 0.1.0;
				PRODUCT_BUNDLE_IDENTIFIER = com.simo.receiptwarrantyvault;
				PRODUCT_NAME = "$(TARGET_NAME)";
				SDKROOT = iphoneos;
				SUPPORTED_PLATFORMS = "iphoneos iphonesimulator";
				SWIFT_APPROACHABLE_CONCURRENCY = YES;
				SWIFT_UPCOMING_FEATURE_MEMBER_IMPORT_VISIBILITY = YES;
				TARGETED_DEVICE_FAMILY = 1;
				VALIDATE_PRODUCT = YES;
			};
			name = Release;
		};
		570168157A957559551C3A3F /* Release */ = {
			isa = XCBuildConfiguration;
			buildSettings = {
				ALWAYS_SEARCH_USER_PATHS = NO;
				CLANG_ANALYZER_NONNULL = YES;
				CLANG_ANALYZER_NUMBER_OBJECT_CONVERSION = YES_AGGRESSIVE;
				CLANG_CXX_LANGUAGE_STANDARD = "gnu++14";
				CLANG_CXX_LIBRARY = "libc++";
				CLANG_ENABLE_MODULES = YES;
				CLANG_ENABLE_OBJC_ARC = YES;
				CLANG_ENABLE_OBJC_WEAK = YES;
				CLANG_WARN_BLOCK_CAPTURE_AUTORELEASING = YES;
				CLANG_WARN_BOOL_CONVERSION = YES;
				CLANG_WARN_COMMA = YES;
				CLANG_WARN_CONSTANT_CONVERSION = YES;
				CLANG_WARN_DEPRECATED_OBJC_IMPLEMENTATIONS = YES;
				CLANG_WARN_DIRECT_OBJC_ISA_USAGE = YES_ERROR;
				CLANG_WARN_DOCUMENTATION_COMMENTS = YES;
				CLANG_WARN_EMPTY_BODY = YES;
				CLANG_WARN_ENUM_CONVERSION = YES;
				CLANG_WARN_INFINITE_RECURSION = YES;
				CLANG_WARN_INT_CONVERSION = YES;
				CLANG_WARN_NON_LITERAL_NULL_CONVERSION = YES;
				CLANG_WARN_OBJC_IMPLICIT_RETAIN_SELF = YES;
				CLANG_WARN_OBJC_LITERAL_CONVERSION = YES;
				CLANG_WARN_OBJC_ROOT_CLASS = YES_ERROR;
				CLANG_WARN_QUOTED_INCLUDE_IN_FRAMEWORK_HEADER = YES;
				CLANG_WARN_RANGE_LOOP_ANALYSIS = YES;
				CLANG_WARN_STRICT_PROTOTYPES = YES;
				CLANG_WARN_SUSPICIOUS_MOVE = YES;
				CLANG_WARN_UNGUARDED_AVAILABILITY = YES_AGGRESSIVE;
				CLANG_WARN_UNREACHABLE_CODE = YES;
				CLANG_WARN__DUPLICATE_METHOD_MATCH = YES;
				COPY_PHASE_STRIP = YES;
				DEBUG_INFORMATION_FORMAT = "dwarf-with-dsym";
				ENABLE_NS_ASSERTIONS = NO;
				ENABLE_STRICT_OBJC_MSGSEND = YES;
				ENABLE_USER_SCRIPT_SANDBOXING = YES;
				GCC_C_LANGUAGE_STANDARD = gnu17;
				GCC_NO_COMMON_BLOCKS = YES;
				GCC_WARN_64_TO_32_BIT_CONVERSION = YES;
				GCC_WARN_ABOUT_RETURN_TYPE = YES_ERROR;
				GCC_WARN_UNDECLARED_SELECTOR = YES;
				GCC_WARN_UNINITIALIZED_AUTOS = YES_AGGRESSIVE;
				GCC_WARN_UNUSED_FUNCTION = YES;
				GCC_WARN_UNUSED_VARIABLE = YES;
				IPHONEOS_DEPLOYMENT_TARGET = 17.0;
				MTL_ENABLE_DEBUG_INFO = NO;
				MTL_FAST_MATH = YES;
				PRODUCT_NAME = "$(TARGET_NAME)";
				SDKROOT = iphoneos;
				STRING_CATALOG_GENERATE_SYMBOLS = YES;
				SWIFT_COMPILATION_MODE = wholemodule;
				SWIFT_EMIT_LOC_STRINGS = YES;
				SWIFT_OPTIMIZATION_LEVEL = "-O";
				SWIFT_VERSION = 5.0;
			};
			name = Release;
		};
		AA925099BEAC05C83A15F1DF /* Debug */ = {
			isa = XCBuildConfiguration;
			buildSettings = {
				ALWAYS_SEARCH_USER_PATHS = NO;
				CLANG_ANALYZER_NONNULL = YES;
				CLANG_ANALYZER_NUMBER_OBJECT_CONVERSION = YES_AGGRESSIVE;
				CLANG_CXX_LANGUAGE_STANDARD = "gnu++14";
				CLANG_CXX_LIBRARY = "libc++";
				CLANG_ENABLE_MODULES = YES;
				CLANG_ENABLE_OBJC_ARC = YES;
				CLANG_ENABLE_OBJC_WEAK = YES;
				CLANG_WARN_BLOCK_CAPTURE_AUTORELEASING = YES;
				CLANG_WARN_BOOL_CONVERSION = YES;
				CLANG_WARN_COMMA = YES;
				CLANG_WARN_CONSTANT_CONVERSION = YES;
				CLANG_WARN_DEPRECATED_OBJC_IMPLEMENTATIONS = YES;
				CLANG_WARN_DIRECT_OBJC_ISA_USAGE = YES_ERROR;
				CLANG_WARN_DOCUMENTATION_COMMENTS = YES;
				CLANG_WARN_EMPTY_BODY = YES;
				CLANG_WARN_ENUM_CONVERSION = YES;
				CLANG_WARN_INFINITE_RECURSION = YES;
				CLANG_WARN_INT_CONVERSION = YES;
				CLANG_WARN_NON_LITERAL_NULL_CONVERSION = YES;
				CLANG_WARN_OBJC_IMPLICIT_RETAIN_SELF = YES;
				CLANG_WARN_OBJC_LITERAL_CONVERSION = YES;
				CLANG_WARN_OBJC_ROOT_CLASS = YES_ERROR;
				CLANG_WARN_QUOTED_INCLUDE_IN_FRAMEWORK_HEADER = YES;
				CLANG_WARN_RANGE_LOOP_ANALYSIS = YES;
				CLANG_WARN_STRICT_PROTOTYPES = YES;
				CLANG_WARN_SUSPICIOUS_MOVE = YES;
				CLANG_WARN_UNGUARDED_AVAILABILITY = YES_AGGRESSIVE;
				CLANG_WARN_UNREACHABLE_CODE = YES;
				CLANG_WARN__DUPLICATE_METHOD_MATCH = YES;
				COPY_PHASE_STRIP = NO;
				DEBUG_INFORMATION_FORMAT = dwarf;
				ENABLE_STRICT_OBJC_MSGSEND = YES;
				ENABLE_TESTABILITY = YES;
				ENABLE_USER_SCRIPT_SANDBOXING = YES;
				GCC_C_LANGUAGE_STANDARD = gnu17;
				GCC_DYNAMIC_NO_PIC = NO;
				GCC_NO_COMMON_BLOCKS = YES;
				GCC_OPTIMIZATION_LEVEL = 0;
				GCC_PREPROCESSOR_DEFINITIONS = (
					"DEBUG=1",
					"$(inherited)",
				);
				GCC_WARN_64_TO_32_BIT_CONVERSION = YES;
				GCC_WARN_ABOUT_RETURN_TYPE = YES_ERROR;
				GCC_WARN_UNDECLARED_SELECTOR = YES;
				GCC_WARN_UNINITIALIZED_AUTOS = YES_AGGRESSIVE;
				GCC_WARN_UNUSED_FUNCTION = YES;
				GCC_WARN_UNUSED_VARIABLE = YES;
				IPHONEOS_DEPLOYMENT_TARGET = 17.0;
				MTL_ENABLE_DEBUG_INFO = INCLUDE_SOURCE;
				MTL_FAST_MATH = YES;
				ONLY_ACTIVE_ARCH = YES;
				PRODUCT_NAME = "$(TARGET_NAME)";
				SDKROOT = iphoneos;
				STRING_CATALOG_GENERATE_SYMBOLS = YES;
				SWIFT_ACTIVE_COMPILATION_CONDITIONS = DEBUG;
				SWIFT_EMIT_LOC_STRINGS = YES;
				SWIFT_OPTIMIZATION_LEVEL = "-Onone";
				SWIFT_VERSION = 5.0;
			};
			name = Debug;
		};
		C6F2A26054F5E5EC34C246FC /* Release */ = {
			isa = XCBuildConfiguration;
			buildSettings = {
				BUNDLE_LOADER = "$(TEST_HOST)";
				CLANG_ENABLE_OBJC_WEAK = NO;
				CODE_SIGN_STYLE = Automatic;
				GENERATE_INFOPLIST_FILE = YES;
				IPHONEOS_DEPLOYMENT_TARGET = 17.0;
				LD_RUNPATH_SEARCH_PATHS = "$(inherited) @executable_path/Frameworks @loader_path/Frameworks";
				PRODUCT_BUNDLE_IDENTIFIER = com.simo.receiptwarrantyvault.tests;
				PRODUCT_NAME = "$(TARGET_NAME)";
				SDKROOT = iphoneos;
				SWIFT_VERSION = 5.0;
				TARGETED_DEVICE_FAMILY = 1;
				TEST_HOST = "$(BUILT_PRODUCTS_DIR)/ReceiptWarrantyVault.app/$(BUNDLE_EXECUTABLE_FOLDER_PATH)/ReceiptWarrantyVault";
				VALIDATE_PRODUCT = YES;
			};
			name = Release;
		};
		FF0B159A1CBD27F15C923760 /* Debug */ = {
			isa = XCBuildConfiguration;
			buildSettings = {
				ASSETCATALOG_COMPILER_APPICON_NAME = AppIcon;
				ASSETCATALOG_COMPILER_GLOBAL_ACCENT_COLOR_NAME = AccentColor;
				CLANG_ENABLE_OBJC_WEAK = NO;
				CODE_SIGN_STYLE = Automatic;
				CURRENT_PROJECT_VERSION = 1;
				GENERATE_INFOPLIST_FILE = NO;
				INFOPLIST_FILE = ReceiptWarrantyVault/Resources/Info.plist;
				IPHONEOS_DEPLOYMENT_TARGET = 17.0;
				LD_RUNPATH_SEARCH_PATHS = "$(inherited) @executable_path/Frameworks";
				LOCALIZATION_PREFERS_STRING_CATALOGS = YES;
				MARKETING_VERSION = 0.1.0;
				PRODUCT_BUNDLE_IDENTIFIER = com.simo.receiptwarrantyvault;
				PRODUCT_NAME = "$(TARGET_NAME)";
				SDKROOT = iphoneos;
				SUPPORTED_PLATFORMS = "iphoneos iphonesimulator";
				SWIFT_APPROACHABLE_CONCURRENCY = YES;
				SWIFT_UPCOMING_FEATURE_MEMBER_IMPORT_VISIBILITY = YES;
				TARGETED_DEVICE_FAMILY = 1;
			};
			name = Debug;
		};
/* End XCBuildConfiguration section */

/* Begin XCConfigurationList section */
		601B4B29C6575961D1B53C8E /* Build configuration list for PBXProject "ReceiptWarrantyVault" */ = {
			isa = XCConfigurationList;
			buildConfigurations = (
				AA925099BEAC05C83A15F1DF /* Debug */,
				570168157A957559551C3A3F /* Release */,
			);
			defaultConfigurationIsVisible = 0;
			defaultConfigurationName = Release;
		};
		91A73F0C5784C12F552DFDAD /* Build configuration list for PBXNativeTarget "ReceiptWarrantyVault" */ = {
			isa = XCConfigurationList;
			buildConfigurations = (
				3DBEBCE770F44DB4F1FA81C3 /* Release */,
				FF0B159A1CBD27F15C923760 /* Debug */,
			);
			defaultConfigurationIsVisible = 0;
			defaultConfigurationName = Release;
		};
		ADFE4CDFDBC0162FCD88B07E /* Build configuration list for PBXNativeTarget "ReceiptWarrantyVaultTests" */ = {
			isa = XCConfigurationList;
			buildConfigurations = (
				C6F2A26054F5E5EC34C246FC /* Release */,
				0B687E7DE52A66F8FF107E4B /* Debug */,
			);
			defaultConfigurationIsVisible = 0;
			defaultConfigurationName = Release;
		};
/* End XCConfigurationList section */
	};
	rootObject = E2F3B626C2D244ECCABEE434 /* Project object */;
}
