// !$*UTF8*$!
{
	archiveVersion = 1;
	classes = {
	};
	objectVersion = 46;
	objects = {

/* Begin PBXBuildFile section */
		012631732A7F96FF89F293A3 /* AppStorageKeys.swift in Sources */ = {isa = PBXBuildFile; fileRef = 9E7C3EBF44427C2E8A2085F9 /* AppStorageKeys.swift */; };
		06D6086CC58CD87C730A7556 /* Foundation.framework in Frameworks */ = {isa = PBXBuildFile; fileRef = 8FCA631DF6065DE4371DE509 /* Foundation.framework */; };
		0E8D575C4DB092542DC5126F /* WarrantyCalculatorTests.swift in Sources */ = {isa = PBXBuildFile; fileRef = E1A5E5D4B8C9FBCBF553474D /* WarrantyCalculatorTests.swift */; };
		102F3AACDCBC904AC6EE9843 /* PurchaseCategory.swift in Sources */ = {isa = PBXBuildFile; fileRef = 56C8C78965AFAAE70D93288A /* PurchaseCategory.swift */; };
		155773589181BA506C207BC6 /* AppTab.swift in Sources */ = {isa = PBXBuildFile; fileRef = CB8577682C799A826E09EEFE /* AppTab.swift */; };
		157C4801FE484E346A623CC7 /* NotificationScheduler.swift in Sources */ = {isa = PBXBuildFile; fileRef = 2404A7BACF5660667D924618 /* NotificationScheduler.swift */; };
		228C2CA51FB9ACDB4178ADF1 /* Foundation.framework in Frameworks */ = {isa = PBXBuildFile; fileRef = 8FCA631DF6065DE4371DE509 /* Foundation.framework */; };
		23874E0569CF836E08E80B5F /* PlaceholderScreen.swift in Sources */ = {isa = PBXBuildFile; fileRef = F11912148AED8F9EFBFD46C6 /* PlaceholderScreen.swift */; };
		2D4B91D989526181EA68C030 /* PrivacyInfo.xcprivacy in Resources */ = {isa = PBXBuildFile; fileRef = C44914EAFFB42AAC80D620A9 /* PrivacyInfo.xcprivacy */; };
		33FC6B1E07F0CB0541BA3961 /* ZipArchiveWriter.swift in Sources */ = {isa = PBXBuildFile; fileRef = 4D3C57E357DDDCC7522A6684 /* ZipArchiveWriter.swift */; };
		45FE7ECB272E7764913135AE /* Localizable.xcstrings in Resources */ = {isa = PBXBuildFile; fileRef = C6146F2BA807B4E19999C9BA /* Localizable.xcstrings */; };
		5E1D2429E49155A78B5EC7E8 /* DocumentStorageService.swift in Sources */ = {isa = PBXBuildFile; fileRef = 255C20A048F50B3327516DD2 /* DocumentStorageService.swift */; };
		5EF3B893AC38A88FF301E1AF /* BackupExportService.swift in Sources */ = {isa = PBXBuildFile; fileRef = ED612C7B60F54AE972CE2769 /* BackupExportService.swift */; };
		63A89684EF0783C9B0283F85 /* PDFExportService.swift in Sources */ = {isa = PBXBuildFile; fileRef = D4570701895A73C13623DE5B /* PDFExportService.swift */; };
		69C23E1E1880D0B1368BE6AA /* ReceiptWarrantyVaultApp.swift in Sources */ = {isa = PBXBuildFile; fileRef = 30963124BCE6F034B89C416D /* ReceiptWarrantyVaultApp.swift */; };
		6C51C0DF47FA07A3E30FDAAF /* CurrencyService.swift in Sources */ = {isa = PBXBuildFile; fileRef = 8965B223C2A5907756960F42 /* CurrencyService.swift */; };
		7C14AED57BF8D81ECA649A24 /* CurrencyServiceTests.swift in Sources */ = {isa = PBXBuildFile; fileRef = 7107E9B87FF1E18CD998DBE1 /* CurrencyServiceTests.swift */; };
		7EC6BD0B533AC8976D29E4B2 /* InfoPlist.strings in Resources */ = {isa = PBXBuildFile; fileRef = 35A1BD0C4C214DD978F50A09 /* InfoPlist.strings */; };
		829395EF25D8020D597E1F97 /* AppRootView.swift in Sources */ = {isa = PBXBuildFile; fileRef = 3BE4BF3A2C4C66C4642BF58D /* AppRootView.swift */; };
		86DB35D79A1BC5A138C0C260 /* AppModelContainer.swift in Sources */ = {isa = PBXBuildFile; fileRef = 5DA0462C7BA53C39E38B6FC2 /* AppModelContainer.swift */; };
		8D66F3D50600EB8B138A4030 /* WarrantyCalculator.swift in Sources */ = {isa = PBXBuildFile; fileRef = 934F155ADE69798339557BCF /* WarrantyCalculator.swift */; };
		923EC3BB816BC915F7267439 /* ZipArchiveWriterTests.swift in Sources */ = {isa = PBXBuildFile; fileRef = 919437A2FB7CA48417ECEE94 /* ZipArchiveWriterTests.swift */; };
		9725BFFD0F328D0A97170FF3 /* PurchaseModels.swift in Sources */ = {isa = PBXBuildFile; fileRef = A9E5597E16C7E57CF25BB8A9 /* PurchaseModels.swift */; };
		9BA4091851CAE5D621521255 /* AuthenticationService.swift in Sources */ = {isa = PBXBuildFile; fileRef = 7C226CC3803F941301BFE629 /* AuthenticationService.swift */; };
		A1727839278D893B4D15A1A7 /* Assets.xcassets in Resources */ = {isa = PBXBuildFile; fileRef = EBE7BAE5897C8147185D0722 /* Assets.xcassets */; };
		C9AAB9CA8E6B18645BFBA9E7 /* DateFormatService.swift in Sources */ = {isa = PBXBuildFile; fileRef = F6E18BCB55B1A47B3FDD3853 /* DateFormatService.swift */; };
		DB64C1A6D9F0035931D0CBDF /* InfoPlist.strings in Resources */ = {isa = PBXBuildFile; fileRef = EC6ACB9BB3A3041ED85211C0 /* InfoPlist.strings */; };
		F7D2D8CC50F6B10D65A89A8E /* OnboardingView.swift in Sources */ = {isa = PBXBuildFile; fileRef = DE2AB35A91C92C92F85C4CD7 /* OnboardingView.swift */; };
/* End PBXBuildFile section */

/* Begin PBXContainerItemProxy section */
		AB0D04E27760CC1F1B108E3E /* PBXContainerItemProxy */ = {
			isa = PBXContainerItemProxy;
			containerPortal = 0E241A4E66E2AC9D9628C153 /* Project object */;
			proxyType = 1;
			remoteGlobalIDString = 9B7B2EED71E756B86792168D;
			remoteInfo = ReceiptWarrantyVault;
		};
/* End PBXContainerItemProxy section */

/* Begin PBXFileReference section */
		2404A7BACF5660667D924618 /* NotificationScheduler.swift */ = {isa = PBXFileReference; includeInIndex = 1; lastKnownFileType = sourcecode.swift; name = NotificationScheduler.swift; path = Services/NotificationScheduler.swift; sourceTree = "<group>"; };
		255C20A048F50B3327516DD2 /* DocumentStorageService.swift */ = {isa = PBXFileReference; includeInIndex = 1; lastKnownFileType = sourcecode.swift; name = DocumentStorageService.swift; path = Services/DocumentStorageService.swift; sourceTree = "<group>"; };
		27A9A6A70D5068F1F9EF4059 /* ReceiptWarrantyVaultTests.xctest */ = {isa = PBXFileReference; explicitFileType = wrapper.cfbundle; includeInIndex = 0; path = ReceiptWarrantyVaultTests.xctest; sourceTree = BUILT_PRODUCTS_DIR; };
		30963124BCE6F034B89C416D /* ReceiptWarrantyVaultApp.swift */ = {isa = PBXFileReference; includeInIndex = 1; lastKnownFileType = sourcecode.swift; name = ReceiptWarrantyVaultApp.swift; path = App/ReceiptWarrantyVaultApp.swift; sourceTree = "<group>"; };
		35A1BD0C4C214DD978F50A09 /* InfoPlist.strings */ = {isa = PBXFileReference; includeInIndex = 1; lastKnownFileType = text.plist.strings; name = InfoPlist.strings; path = Resources/en.lproj/InfoPlist.strings; sourceTree = "<group>"; };
		3BE4BF3A2C4C66C4642BF58D /* AppRootView.swift */ = {isa = PBXFileReference; includeInIndex = 1; lastKnownFileType = sourcecode.swift; name = AppRootView.swift; path = App/AppRootView.swift; sourceTree = "<group>"; };
		40AF4042495813CBA03CB7F7 /* ReceiptWarrantyVault.app */ = {isa = PBXFileReference; explicitFileType = wrapper.application; includeInIndex = 0; path = ReceiptWarrantyVault.app; sourceTree = BUILT_PRODUCTS_DIR; };
		4D3C57E357DDDCC7522A6684 /* ZipArchiveWriter.swift */ = {isa = PBXFileReference; includeInIndex = 1; lastKnownFileType = sourcecode.swift; name = ZipArchiveWriter.swift; path = Services/ZipArchiveWriter.swift; sourceTree = "<group>"; };
		56C8C78965AFAAE70D93288A /* PurchaseCategory.swift */ = {isa = PBXFileReference; includeInIndex = 1; lastKnownFileType = sourcecode.swift; name = PurchaseCategory.swift; path = Models/PurchaseCategory.swift; sourceTree = "<group>"; };
		5DA0462C7BA53C39E38B6FC2 /* AppModelContainer.swift */ = {isa = PBXFileReference; includeInIndex = 1; lastKnownFileType = sourcecode.swift; name = AppModelContainer.swift; path = Models/AppModelContainer.swift; sourceTree = "<group>"; };
		7107E9B87FF1E18CD998DBE1 /* CurrencyServiceTests.swift */ = {isa = PBXFileReference; includeInIndex = 1; lastKnownFileType = sourcecode.swift; path = CurrencyServiceTests.swift; sourceTree = "<group>"; };
		7C226CC3803F941301BFE629 /* AuthenticationService.swift */ = {isa = PBXFileReference; includeInIndex = 1; lastKnownFileType = sourcecode.swift; name = AuthenticationService.swift; path = Services/AuthenticationService.swift; sourceTree = "<group>"; };
		8965B223C2A5907756960F42 /* CurrencyService.swift */ = {isa = PBXFileReference; includeInIndex = 1; lastKnownFileType = sourcecode.swift; name = CurrencyService.swift; path = Services/CurrencyService.swift; sourceTree = "<group>"; };
		8FCA631DF6065DE4371DE509 /* Foundation.framework */ = {isa = PBXFileReference; lastKnownFileType = wrapper.framework; name = Foundation.framework; path = Platforms/iPhoneOS.platform/Developer/SDKs/iPhoneOS18.0.sdk/System/Library/Frameworks/Foundation.framework; sourceTree = DEVELOPER_DIR; };
		919437A2FB7CA48417ECEE94 /* ZipArchiveWriterTests.swift */ = {isa = PBXFileReference; includeInIndex = 1; lastKnownFileType = sourcecode.swift; path = ZipArchiveWriterTests.swift; sourceTree = "<group>"; };
		934F155ADE69798339557BCF /* WarrantyCalculator.swift */ = {isa = PBXFileReference; includeInIndex = 1; lastKnownFileType = sourcecode.swift; name = WarrantyCalculator.swift; path = Services/WarrantyCalculator.swift; sourceTree = "<group>"; };
		9E7C3EBF44427C2E8A2085F9 /* AppStorageKeys.swift */ = {isa = PBXFileReference; includeInIndex = 1; lastKnownFileType = sourcecode.swift; name = AppStorageKeys.swift; path = Services/AppStorageKeys.swift; sourceTree = "<group>"; };
		A9E5597E16C7E57CF25BB8A9 /* PurchaseModels.swift */ = {isa = PBXFileReference; includeInIndex = 1; lastKnownFileType = sourcecode.swift; name = PurchaseModels.swift; path = Models/PurchaseModels.swift; sourceTree = "<group>"; };
		C44914EAFFB42AAC80D620A9 /* PrivacyInfo.xcprivacy */ = {isa = PBXFileReference; includeInIndex = 1; name = PrivacyInfo.xcprivacy; path = Resources/PrivacyInfo.xcprivacy; sourceTree = "<group>"; };
		C6146F2BA807B4E19999C9BA /* Localizable.xcstrings */ = {isa = PBXFileReference; includeInIndex = 1; name = Localizable.xcstrings; path = Resources/Localizable.xcstrings; sourceTree = "<group>"; };
		CB8577682C799A826E09EEFE /* AppTab.swift */ = {isa = PBXFileReference; includeInIndex = 1; lastKnownFileType = sourcecode.swift; name = AppTab.swift; path = App/AppTab.swift; sourceTree = "<group>"; };
		D4570701895A73C13623DE5B /* PDFExportService.swift */ = {isa = PBXFileReference; includeInIndex = 1; lastKnownFileType = sourcecode.swift; name = PDFExportService.swift; path = Services/PDFExportService.swift; sourceTree = "<group>"; };
		DE2AB35A91C92C92F85C4CD7 /* OnboardingView.swift */ = {isa = PBXFileReference; includeInIndex = 1; lastKnownFileType = sourcecode.swift; name = OnboardingView.swift; path = Views/Onboarding/OnboardingView.swift; sourceTree = "<group>"; };
		E1A5E5D4B8C9FBCBF553474D /* WarrantyCalculatorTests.swift */ = {isa = PBXFileReference; includeInIndex = 1; lastKnownFileType = sourcecode.swift; path = WarrantyCalculatorTests.swift; sourceTree = "<group>"; };
		EBE7BAE5897C8147185D0722 /* Assets.xcassets */ = {isa = PBXFileReference; includeInIndex = 1; lastKnownFileType = folder.assetcatalog; name = Assets.xcassets; path = Resources/Assets.xcassets; sourceTree = "<group>"; };
		EC6ACB9BB3A3041ED85211C0 /* InfoPlist.strings */ = {isa = PBXFileReference; includeInIndex = 1; lastKnownFileType = text.plist.strings; name = InfoPlist.strings; path = Resources/it.lproj/InfoPlist.strings; sourceTree = "<group>"; };
		ED612C7B60F54AE972CE2769 /* BackupExportService.swift */ = {isa = PBXFileReference; includeInIndex = 1; lastKnownFileType = sourcecode.swift; name = BackupExportService.swift; path = Services/BackupExportService.swift; sourceTree = "<group>"; };
		F11912148AED8F9EFBFD46C6 /* PlaceholderScreen.swift */ = {isa = PBXFileReference; includeInIndex = 1; lastKnownFileType = sourcecode.swift; name = PlaceholderScreen.swift; path = Views/Components/PlaceholderScreen.swift; sourceTree = "<group>"; };
		F6E18BCB55B1A47B3FDD3853 /* DateFormatService.swift */ = {isa = PBXFileReference; includeInIndex = 1; lastKnownFileType = sourcecode.swift; name = DateFormatService.swift; path = Services/DateFormatService.swift; sourceTree = "<group>"; };
/* End PBXFileReference section */

/* Begin PBXFrameworksBuildPhase section */
		70C38748C9ADDC29D63E0D12 /* Frameworks */ = {
			isa = PBXFrameworksBuildPhase;
			buildActionMask = 2147483647;
			files = (
				228C2CA51FB9ACDB4178ADF1 /* Foundation.framework in Frameworks */,
			);
			runOnlyForDeploymentPostprocessing = 0;
		};
		E89A26CD146A33718F1FA6B2 /* Frameworks */ = {
			isa = PBXFrameworksBuildPhase;
			buildActionMask = 2147483647;
			files = (
				06D6086CC58CD87C730A7556 /* Foundation.framework in Frameworks */,
			);
			runOnlyForDeploymentPostprocessing = 0;
		};
/* End PBXFrameworksBuildPhase section */

/* Begin PBXGroup section */
		2959A4E062DF8B639F8D32A2 = {
			isa = PBXGroup;
			children = (
				B06B8B849FF44D78C5D7A83C /* Products */,
				B2D599120E260E846F2F5745 /* Frameworks */,
				70EB349106D62AE8D259F5B9 /* ReceiptWarrantyVault */,
				9985D7C75FE2741286B601EF /* ReceiptWarrantyVaultTests */,
			);
			sourceTree = "<group>";
		};
		70EB349106D62AE8D259F5B9 /* ReceiptWarrantyVault */ = {
			isa = PBXGroup;
			children = (
				3BE4BF3A2C4C66C4642BF58D /* AppRootView.swift */,
				CB8577682C799A826E09EEFE /* AppTab.swift */,
				30963124BCE6F034B89C416D /* ReceiptWarrantyVaultApp.swift */,
				5DA0462C7BA53C39E38B6FC2 /* AppModelContainer.swift */,
				56C8C78965AFAAE70D93288A /* PurchaseCategory.swift */,
				A9E5597E16C7E57CF25BB8A9 /* PurchaseModels.swift */,
				9E7C3EBF44427C2E8A2085F9 /* AppStorageKeys.swift */,
				7C226CC3803F941301BFE629 /* AuthenticationService.swift */,
				ED612C7B60F54AE972CE2769 /* BackupExportService.swift */,
				8965B223C2A5907756960F42 /* CurrencyService.swift */,
				F6E18BCB55B1A47B3FDD3853 /* DateFormatService.swift */,
				255C20A048F50B3327516DD2 /* DocumentStorageService.swift */,
				2404A7BACF5660667D924618 /* NotificationScheduler.swift */,
				D4570701895A73C13623DE5B /* PDFExportService.swift */,
				934F155ADE69798339557BCF /* WarrantyCalculator.swift */,
				4D3C57E357DDDCC7522A6684 /* ZipArchiveWriter.swift */,
				F11912148AED8F9EFBFD46C6 /* PlaceholderScreen.swift */,
				DE2AB35A91C92C92F85C4CD7 /* OnboardingView.swift */,
				EBE7BAE5897C8147185D0722 /* Assets.xcassets */,
				C6146F2BA807B4E19999C9BA /* Localizable.xcstrings */,
				C44914EAFFB42AAC80D620A9 /* PrivacyInfo.xcprivacy */,
				35A1BD0C4C214DD978F50A09 /* InfoPlist.strings */,
				EC6ACB9BB3A3041ED85211C0 /* InfoPlist.strings */,
			);
			name = ReceiptWarrantyVault;
			path = ReceiptWarrantyVault;
			sourceTree = "<group>";
		};
		9985D7C75FE2741286B601EF /* ReceiptWarrantyVaultTests */ = {
			isa = PBXGroup;
			children = (
				7107E9B87FF1E18CD998DBE1 /* CurrencyServiceTests.swift */,
				E1A5E5D4B8C9FBCBF553474D /* WarrantyCalculatorTests.swift */,
				919437A2FB7CA48417ECEE94 /* ZipArchiveWriterTests.swift */,
			);
			name = ReceiptWarrantyVaultTests;
			path = ReceiptWarrantyVaultTests;
			sourceTree = "<group>";
		};
		B06B8B849FF44D78C5D7A83C /* Products */ = {
			isa = PBXGroup;
			children = (
				40AF4042495813CBA03CB7F7 /* ReceiptWarrantyVault.app */,
				27A9A6A70D5068F1F9EF4059 /* ReceiptWarrantyVaultTests.xctest */,
			);
			name = Products;
			sourceTree = "<group>";
		};
		B2D599120E260E846F2F5745 /* Frameworks */ = {
			isa = PBXGroup;
			children = (
				D8C519ADF0C6B2BF68CDB26B /* iOS */,
			);
			name = Frameworks;
			sourceTree = "<group>";
		};
		D8C519ADF0C6B2BF68CDB26B /* iOS */ = {
			isa = PBXGroup;
			children = (
				8FCA631DF6065DE4371DE509 /* Foundation.framework */,
			);
			name = iOS;
			sourceTree = "<group>";
		};
/* End PBXGroup section */

/* Begin PBXNativeTarget section */
		89E9FB88D3752FE185D1EFA1 /* ReceiptWarrantyVaultTests */ = {
			isa = PBXNativeTarget;
			buildConfigurationList = E8CC89D7E2F0F34D8761E8AD /* Build configuration list for PBXNativeTarget "ReceiptWarrantyVaultTests" */;
			buildPhases = (
				5C3D235C449B7CF3345026BA /* Sources */,
				70C38748C9ADDC29D63E0D12 /* Frameworks */,
				2D0EC2332352006CA2EF1FF8 /* Resources */,
			);
			buildRules = (
			);
			dependencies = (
				517861F1527C4D00BE45E295 /* PBXTargetDependency */,
			);
			name = ReceiptWarrantyVaultTests;
			productName = ReceiptWarrantyVaultTests;
			productReference = 27A9A6A70D5068F1F9EF4059 /* ReceiptWarrantyVaultTests.xctest */;
			productType = "com.apple.product-type.bundle.unit-test";
		};
		9B7B2EED71E756B86792168D /* ReceiptWarrantyVault */ = {
			isa = PBXNativeTarget;
			buildConfigurationList = 3281B2EACD6A7F5632495D1C /* Build configuration list for PBXNativeTarget "ReceiptWarrantyVault" */;
			buildPhases = (
				82DE2C6734E57BD72C5C6A0C /* Sources */,
				E89A26CD146A33718F1FA6B2 /* Frameworks */,
				E432F0B6FE0A0E61C537B563 /* Resources */,
			);
			buildRules = (
			);
			dependencies = (
			);
			name = ReceiptWarrantyVault;
			productName = ReceiptWarrantyVault;
			productReference = 40AF4042495813CBA03CB7F7 /* ReceiptWarrantyVault.app */;
			productType = "com.apple.product-type.application";
		};
/* End PBXNativeTarget section */

/* Begin PBXProject section */
		0E241A4E66E2AC9D9628C153 /* Project object */ = {
			isa = PBXProject;
			attributes = {
				BuildIndependentTargetsInParallel = YES;
				LastSwiftUpdateCheck = 1600;
				LastUpgradeCheck = 2650;
			};
			buildConfigurationList = E641FB2AFC7B4EC3EB5F962A /* Build configuration list for PBXProject "ReceiptWarrantyVault" */;
			compatibilityVersion = "Xcode 3.2";
			developmentRegion = en;
			hasScannedForEncodings = 0;
			knownRegions = (
				en,
				it,
				Base,
			);
			mainGroup = 2959A4E062DF8B639F8D32A2;
			minimizedProjectReferenceProxies = 0;
			preferredProjectObjectVersion = 77;
			productRefGroup = B06B8B849FF44D78C5D7A83C /* Products */;
			projectDirPath = "";
			projectRoot = "";
			targets = (
				9B7B2EED71E756B86792168D /* ReceiptWarrantyVault */,
				89E9FB88D3752FE185D1EFA1 /* ReceiptWarrantyVaultTests */,
			);
		};
/* End PBXProject section */

/* Begin PBXResourcesBuildPhase section */
		2D0EC2332352006CA2EF1FF8 /* Resources */ = {
			isa = PBXResourcesBuildPhase;
			buildActionMask = 2147483647;
			files = (
			);
			runOnlyForDeploymentPostprocessing = 0;
		};
		E432F0B6FE0A0E61C537B563 /* Resources */ = {
			isa = PBXResourcesBuildPhase;
			buildActionMask = 2147483647;
			files = (
				A1727839278D893B4D15A1A7 /* Assets.xcassets in Resources */,
				45FE7ECB272E7764913135AE /* Localizable.xcstrings in Resources */,
				2D4B91D989526181EA68C030 /* PrivacyInfo.xcprivacy in Resources */,
				7EC6BD0B533AC8976D29E4B2 /* InfoPlist.strings in Resources */,
				DB64C1A6D9F0035931D0CBDF /* InfoPlist.strings in Resources */,
			);
			runOnlyForDeploymentPostprocessing = 0;
		};
/* End PBXResourcesBuildPhase section */

/* Begin PBXSourcesBuildPhase section */
		5C3D235C449B7CF3345026BA /* Sources */ = {
			isa = PBXSourcesBuildPhase;
			buildActionMask = 2147483647;
			files = (
				7C14AED57BF8D81ECA649A24 /* CurrencyServiceTests.swift in Sources */,
				0E8D575C4DB092542DC5126F /* WarrantyCalculatorTests.swift in Sources */,
				923EC3BB816BC915F7267439 /* ZipArchiveWriterTests.swift in Sources */,
			);
			runOnlyForDeploymentPostprocessing = 0;
		};
		82DE2C6734E57BD72C5C6A0C /* Sources */ = {
			isa = PBXSourcesBuildPhase;
			buildActionMask = 2147483647;
			files = (
				829395EF25D8020D597E1F97 /* AppRootView.swift in Sources */,
				155773589181BA506C207BC6 /* AppTab.swift in Sources */,
				69C23E1E1880D0B1368BE6AA /* ReceiptWarrantyVaultApp.swift in Sources */,
				86DB35D79A1BC5A138C0C260 /* AppModelContainer.swift in Sources */,
				102F3AACDCBC904AC6EE9843 /* PurchaseCategory.swift in Sources */,
				9725BFFD0F328D0A97170FF3 /* PurchaseModels.swift in Sources */,
				012631732A7F96FF89F293A3 /* AppStorageKeys.swift in Sources */,
				9BA4091851CAE5D621521255 /* AuthenticationService.swift in Sources */,
				5EF3B893AC38A88FF301E1AF /* BackupExportService.swift in Sources */,
				6C51C0DF47FA07A3E30FDAAF /* CurrencyService.swift in Sources */,
				C9AAB9CA8E6B18645BFBA9E7 /* DateFormatService.swift in Sources */,
				5E1D2429E49155A78B5EC7E8 /* DocumentStorageService.swift in Sources */,
				157C4801FE484E346A623CC7 /* NotificationScheduler.swift in Sources */,
				63A89684EF0783C9B0283F85 /* PDFExportService.swift in Sources */,
				8D66F3D50600EB8B138A4030 /* WarrantyCalculator.swift in Sources */,
				33FC6B1E07F0CB0541BA3961 /* ZipArchiveWriter.swift in Sources */,
				23874E0569CF836E08E80B5F /* PlaceholderScreen.swift in Sources */,
				F7D2D8CC50F6B10D65A89A8E /* OnboardingView.swift in Sources */,
			);
			runOnlyForDeploymentPostprocessing = 0;
		};
/* End PBXSourcesBuildPhase section */

/* Begin PBXTargetDependency section */
		517861F1527C4D00BE45E295 /* PBXTargetDependency */ = {
			isa = PBXTargetDependency;
			name = ReceiptWarrantyVault;
			target = 9B7B2EED71E756B86792168D /* ReceiptWarrantyVault */;
			targetProxy = AB0D04E27760CC1F1B108E3E /* PBXContainerItemProxy */;
		};
/* End PBXTargetDependency section */

/* Begin XCBuildConfiguration section */
		075AE90239412C051BECBADB /* Release */ = {
			isa = XCBuildConfiguration;
			buildSettings = {
				ASSETCATALOG_COMPILER_APPICON_NAME = AppIcon;
				ASSETCATALOG_COMPILER_GLOBAL_ACCENT_COLOR_NAME = AccentColor;
				CLANG_ENABLE_OBJC_WEAK = NO;
				CODE_SIGN_STYLE = Automatic;
				CURRENT_PROJECT_VERSION = 1;
				GENERATE_INFOPLIST_FILE = NO;
				INFOPLIST_FILE = ReceiptWarrantyVault/Resources/Info.plist;
				IPHONEOS_DEPLOYMENT_TARGET = 17.0;
				LD_RUNPATH_SEARCH_PATHS = "$(inherited) @executable_path/Frameworks";
				LOCALIZATION_PREFERS_STRING_CATALOGS = YES;
				MARKETING_VERSION = 0.1.0;
				PRODUCT_BUNDLE_IDENTIFIER = com.simo.receiptwarrantyvault;
				PRODUCT_NAME = "$(TARGET_NAME)";
				SDKROOT = iphoneos;
				SUPPORTED_PLATFORMS = "iphoneos iphonesimulator";
				SWIFT_APPROACHABLE_CONCURRENCY = YES;
				SWIFT_UPCOMING_FEATURE_MEMBER_IMPORT_VISIBILITY = YES;
				TARGETED_DEVICE_FAMILY = 1;
				VALIDATE_PRODUCT = YES;
			};
			name = Release;
		};
		54E669D8A0BED93C3007DFF4 /* Debug */ = {
			isa = XCBuildConfiguration;
			buildSettings = {
				BUNDLE_LOADER = "$(TEST_HOST)";
				CLANG_ENABLE_OBJC_WEAK = NO;
				CODE_SIGN_STYLE = Automatic;
				GENERATE_INFOPLIST_FILE = YES;
				IPHONEOS_DEPLOYMENT_TARGET = 17.0;
				LD_RUNPATH_SEARCH_PATHS = "$(inherited) @executable_path/Frameworks @loader_path/Frameworks";
				PRODUCT_BUNDLE_IDENTIFIER = com.simo.receiptwarrantyvault.tests;
				PRODUCT_NAME = "$(TARGET_NAME)";
				SDKROOT = iphoneos;
				SWIFT_VERSION = 5.0;
				TARGETED_DEVICE_FAMILY = 1;
				TEST_HOST = "$(BUILT_PRODUCTS_DIR)/ReceiptWarrantyVault.app/$(BUNDLE_EXECUTABLE_FOLDER_PATH)/ReceiptWarrantyVault";
			};
			name = Debug;
		};
		9C2C09663497828758B7CA0D /* Release */ = {
			isa = XCBuildConfiguration;
			buildSettings = {
				BUNDLE_LOADER = "$(TEST_HOST)";
				CLANG_ENABLE_OBJC_WEAK = NO;
				CODE_SIGN_STYLE = Automatic;
				GENERATE_INFOPLIST_FILE = YES;
				IPHONEOS_DEPLOYMENT_TARGET = 17.0;
				LD_RUNPATH_SEARCH_PATHS = "$(inherited) @executable_path/Frameworks @loader_path/Frameworks";
				PRODUCT_BUNDLE_IDENTIFIER = com.simo.receiptwarrantyvault.tests;
				PRODUCT_NAME = "$(TARGET_NAME)";
				SDKROOT = iphoneos;
				SWIFT_VERSION = 5.0;
				TARGETED_DEVICE_FAMILY = 1;
				TEST_HOST = "$(BUILT_PRODUCTS_DIR)/ReceiptWarrantyVault.app/$(BUNDLE_EXECUTABLE_FOLDER_PATH)/ReceiptWarrantyVault";
				VALIDATE_PRODUCT = YES;
			};
			name = Release;
		};
		B411C309A24C19BAA3AF6EAD /* Debug */ = {
			isa = XCBuildConfiguration;
			buildSettings = {
				ALWAYS_SEARCH_USER_PATHS = NO;
				CLANG_ANALYZER_NONNULL = YES;
				CLANG_ANALYZER_NUMBER_OBJECT_CONVERSION = YES_AGGRESSIVE;
				CLANG_CXX_LANGUAGE_STANDARD = "gnu++14";
				CLANG_CXX_LIBRARY = "libc++";
				CLANG_ENABLE_MODULES = YES;
				CLANG_ENABLE_OBJC_ARC = YES;
				CLANG_ENABLE_OBJC_WEAK = YES;
				CLANG_WARN_BLOCK_CAPTURE_AUTORELEASING = YES;
				CLANG_WARN_BOOL_CONVERSION = YES;
				CLANG_WARN_COMMA = YES;
				CLANG_WARN_CONSTANT_CONVERSION = YES;
				CLANG_WARN_DEPRECATED_OBJC_IMPLEMENTATIONS = YES;
				CLANG_WARN_DIRECT_OBJC_ISA_USAGE = YES_ERROR;
				CLANG_WARN_DOCUMENTATION_COMMENTS = YES;
				CLANG_WARN_EMPTY_BODY = YES;
				CLANG_WARN_ENUM_CONVERSION = YES;
				CLANG_WARN_INFINITE_RECURSION = YES;
				CLANG_WARN_INT_CONVERSION = YES;
				CLANG_WARN_NON_LITERAL_NULL_CONVERSION = YES;
				CLANG_WARN_OBJC_IMPLICIT_RETAIN_SELF = YES;
				CLANG_WARN_OBJC_LITERAL_CONVERSION = YES;
				CLANG_WARN_OBJC_ROOT_CLASS = YES_ERROR;
				CLANG_WARN_QUOTED_INCLUDE_IN_FRAMEWORK_HEADER = YES;
				CLANG_WARN_RANGE_LOOP_ANALYSIS = YES;
				CLANG_WARN_STRICT_PROTOTYPES = YES;
				CLANG_WARN_SUSPICIOUS_MOVE = YES;
				CLANG_WARN_UNGUARDED_AVAILABILITY = YES_AGGRESSIVE;
				CLANG_WARN_UNREACHABLE_CODE = YES;
				CLANG_WARN__DUPLICATE_METHOD_MATCH = YES;
				COPY_PHASE_STRIP = NO;
				DEBUG_INFORMATION_FORMAT = dwarf;
				ENABLE_STRICT_OBJC_MSGSEND = YES;
				ENABLE_TESTABILITY = YES;
				ENABLE_USER_SCRIPT_SANDBOXING = YES;
				GCC_C_LANGUAGE_STANDARD = gnu17;
				GCC_DYNAMIC_NO_PIC = NO;
				GCC_NO_COMMON_BLOCKS = YES;
				GCC_OPTIMIZATION_LEVEL = 0;
				GCC_PREPROCESSOR_DEFINITIONS = (
					"DEBUG=1",
					"$(inherited)",
				);
				GCC_WARN_64_TO_32_BIT_CONVERSION = YES;
				GCC_WARN_ABOUT_RETURN_TYPE = YES_ERROR;
				GCC_WARN_UNDECLARED_SELECTOR = YES;
				GCC_WARN_UNINITIALIZED_AUTOS = YES_AGGRESSIVE;
				GCC_WARN_UNUSED_FUNCTION = YES;
				GCC_WARN_UNUSED_VARIABLE = YES;
				IPHONEOS_DEPLOYMENT_TARGET = 17.0;
				MTL_ENABLE_DEBUG_INFO = INCLUDE_SOURCE;
				MTL_FAST_MATH = YES;
				ONLY_ACTIVE_ARCH = YES;
				PRODUCT_NAME = "$(TARGET_NAME)";
				SDKROOT = iphoneos;
				STRING_CATALOG_GENERATE_SYMBOLS = YES;
				SWIFT_ACTIVE_COMPILATION_CONDITIONS = DEBUG;
				SWIFT_EMIT_LOC_STRINGS = YES;
				SWIFT_OPTIMIZATION_LEVEL = "-Onone";
				SWIFT_VERSION = 5.0;
			};
			name = Debug;
		};
		F8277B7495912C020206CCB7 /* Debug */ = {
			isa = XCBuildConfiguration;
			buildSettings = {
				ASSETCATALOG_COMPILER_APPICON_NAME = AppIcon;
				ASSETCATALOG_COMPILER_GLOBAL_ACCENT_COLOR_NAME = AccentColor;
				CLANG_ENABLE_OBJC_WEAK = NO;
				CODE_SIGN_STYLE = Automatic;
				CURRENT_PROJECT_VERSION = 1;
				GENERATE_INFOPLIST_FILE = NO;
				INFOPLIST_FILE = ReceiptWarrantyVault/Resources/Info.plist;
				IPHONEOS_DEPLOYMENT_TARGET = 17.0;
				LD_RUNPATH_SEARCH_PATHS = "$(inherited) @executable_path/Frameworks";
				LOCALIZATION_PREFERS_STRING_CATALOGS = YES;
				MARKETING_VERSION = 0.1.0;
				PRODUCT_BUNDLE_IDENTIFIER = com.simo.receiptwarrantyvault;
				PRODUCT_NAME = "$(TARGET_NAME)";
				SDKROOT = iphoneos;
				SUPPORTED_PLATFORMS = "iphoneos iphonesimulator";
				SWIFT_APPROACHABLE_CONCURRENCY = YES;
				SWIFT_UPCOMING_FEATURE_MEMBER_IMPORT_VISIBILITY = YES;
				TARGETED_DEVICE_FAMILY = 1;
			};
			name = Debug;
		};
		FCE96129923EB3E75EA56AC2 /* Release */ = {
			isa = XCBuildConfiguration;
			buildSettings = {
				ALWAYS_SEARCH_USER_PATHS = NO;
				CLANG_ANALYZER_NONNULL = YES;
				CLANG_ANALYZER_NUMBER_OBJECT_CONVERSION = YES_AGGRESSIVE;
				CLANG_CXX_LANGUAGE_STANDARD = "gnu++14";
				CLANG_CXX_LIBRARY = "libc++";
				CLANG_ENABLE_MODULES = YES;
				CLANG_ENABLE_OBJC_ARC = YES;
				CLANG_ENABLE_OBJC_WEAK = YES;
				CLANG_WARN_BLOCK_CAPTURE_AUTORELEASING = YES;
				CLANG_WARN_BOOL_CONVERSION = YES;
				CLANG_WARN_COMMA = YES;
				CLANG_WARN_CONSTANT_CONVERSION = YES;
				CLANG_WARN_DEPRECATED_OBJC_IMPLEMENTATIONS = YES;
				CLANG_WARN_DIRECT_OBJC_ISA_USAGE = YES_ERROR;
				CLANG_WARN_DOCUMENTATION_COMMENTS = YES;
				CLANG_WARN_EMPTY_BODY = YES;
				CLANG_WARN_ENUM_CONVERSION = YES;
				CLANG_WARN_INFINITE_RECURSION = YES;
				CLANG_WARN_INT_CONVERSION = YES;
				CLANG_WARN_NON_LITERAL_NULL_CONVERSION = YES;
				CLANG_WARN_OBJC_IMPLICIT_RETAIN_SELF = YES;
				CLANG_WARN_OBJC_LITERAL_CONVERSION = YES;
				CLANG_WARN_OBJC_ROOT_CLASS = YES_ERROR;
				CLANG_WARN_QUOTED_INCLUDE_IN_FRAMEWORK_HEADER = YES;
				CLANG_WARN_RANGE_LOOP_ANALYSIS = YES;
				CLANG_WARN_STRICT_PROTOTYPES = YES;
				CLANG_WARN_SUSPICIOUS_MOVE = YES;
				CLANG_WARN_UNGUARDED_AVAILABILITY = YES_AGGRESSIVE;
				CLANG_WARN_UNREACHABLE_CODE = YES;
				CLANG_WARN__DUPLICATE_METHOD_MATCH = YES;
				COPY_PHASE_STRIP = YES;
				DEBUG_INFORMATION_FORMAT = "dwarf-with-dsym";
				ENABLE_NS_ASSERTIONS = NO;
				ENABLE_STRICT_OBJC_MSGSEND = YES;
				ENABLE_USER_SCRIPT_SANDBOXING = YES;
				GCC_C_LANGUAGE_STANDARD = gnu17;
				GCC_NO_COMMON_BLOCKS = YES;
				GCC_WARN_64_TO_32_BIT_CONVERSION = YES;
				GCC_WARN_ABOUT_RETURN_TYPE = YES_ERROR;
				GCC_WARN_UNDECLARED_SELECTOR = YES;
				GCC_WARN_UNINITIALIZED_AUTOS = YES_AGGRESSIVE;
				GCC_WARN_UNUSED_FUNCTION = YES;
				GCC_WARN_UNUSED_VARIABLE = YES;
				IPHONEOS_DEPLOYMENT_TARGET = 17.0;
				MTL_ENABLE_DEBUG_INFO = NO;
				MTL_FAST_MATH = YES;
				PRODUCT_NAME = "$(TARGET_NAME)";
				SDKROOT = iphoneos;
				STRING_CATALOG_GENERATE_SYMBOLS = YES;
				SWIFT_COMPILATION_MODE = wholemodule;
				SWIFT_EMIT_LOC_STRINGS = YES;
				SWIFT_OPTIMIZATION_LEVEL = "-O";
				SWIFT_VERSION = 5.0;
			};
			name = Release;
		};
/* End XCBuildConfiguration section */

/* Begin XCConfigurationList section */
		3281B2EACD6A7F5632495D1C /* Build configuration list for PBXNativeTarget "ReceiptWarrantyVault" */ = {
			isa = XCConfigurationList;
			buildConfigurations = (
				075AE90239412C051BECBADB /* Release */,
				F8277B7495912C020206CCB7 /* Debug */,
			);
			defaultConfigurationIsVisible = 0;
			defaultConfigurationName = Release;
		};
		E641FB2AFC7B4EC3EB5F962A /* Build configuration list for PBXProject "ReceiptWarrantyVault" */ = {
			isa = XCConfigurationList;
			buildConfigurations = (
				B411C309A24C19BAA3AF6EAD /* Debug */,
				FCE96129923EB3E75EA56AC2 /* Release */,
			);
			defaultConfigurationIsVisible = 0;
			defaultConfigurationName = Release;
		};
		E8CC89D7E2F0F34D8761E8AD /* Build configuration list for PBXNativeTarget "ReceiptWarrantyVaultTests" */ = {
			isa = XCConfigurationList;
			buildConfigurations = (
				9C2C09663497828758B7CA0D /* Release */,
				54E669D8A0BED93C3007DFF4 /* Debug */,
			);
			defaultConfigurationIsVisible = 0;
			defaultConfigurationName = Release;
		};
/* End XCConfigurationList section */
	};
	rootObject = 0E241A4E66E2AC9D9628C153 /* Project object */;
}
